// !$*UTF8*$!
{
	archiveVersion = 1;
	classes = {
	};
	objectVersion = 48;
	objects = {

/* Begin PBXBuildFile section */
		07A82EDB213941D00078D120 /* imgui_widgets.cpp in Sources */ = {isa = PBXBuildFile; fileRef = 07A82EDA213941D00078D120 /* imgui_widgets.cpp */; };
		4080A99820B02D340036BA46 /* main.mm in Sources */ = {isa = PBXBuildFile; fileRef = 4080A98A20B02CD90036BA46 /* main.mm */; };
		4080A9A220B034280036BA46 /* imgui_impl_opengl2.cpp in Sources */ = {isa = PBXBuildFile; fileRef = 4080A99E20B034280036BA46 /* imgui_impl_opengl2.cpp */; };
		4080A9AD20B0343C0036BA46 /* imgui_demo.cpp in Sources */ = {isa = PBXBuildFile; fileRef = 4080A9A620B0343C0036BA46 /* imgui_demo.cpp */; };
		4080A9AE20B0343C0036BA46 /* imgui.cpp in Sources */ = {isa = PBXBuildFile; fileRef = 4080A9A720B0343C0036BA46 /* imgui.cpp */; };
		4080A9AF20B0343C0036BA46 /* imgui_draw.cpp in Sources */ = {isa = PBXBuildFile; fileRef = 4080A9AA20B0343C0036BA46 /* imgui_draw.cpp */; };
		4080A9B020B0347A0036BA46 /* imgui_impl_osx.mm in Sources */ = {isa = PBXBuildFile; fileRef = 4080A99F20B034280036BA46 /* imgui_impl_osx.mm */; };
		4080A9B320B034E40036BA46 /* Cocoa.framework in Frameworks */ = {isa = PBXBuildFile; fileRef = 4080A9B220B034E40036BA46 /* Cocoa.framework */; };
		764C9BD224557C21000FC74E /* ExampleBase.cpp in Sources */ = {isa = PBXBuildFile; fileRef = 764C9BD024557C21000FC74E /* ExampleBase.cpp */; };
		764C9BDB24558DB5000FC74E /* Example2SaveLoadEditor.cpp in Sources */ = {isa = PBXBuildFile; fileRef = 764C9BD424558DB4000FC74E /* Example2SaveLoadEditor.cpp */; };
		764C9BDC24558DB5000FC74E /* Example1Simple.cpp in Sources */ = {isa = PBXBuildFile; fileRef = 764C9BD524558DB5000FC74E /* Example1Simple.cpp */; };
		764C9BDD24558DB5000FC74E /* Example3ColorNodeEditor.cpp in Sources */ = {isa = PBXBuildFile; fileRef = 764C9BD624558DB5000FC74E /* Example3ColorNodeEditor.cpp */; };
		764C9BDE24558DB5000FC74E /* Example4MultiEditor.cpp in Sources */ = {isa = PBXBuildFile; fileRef = 764C9BD924558DB5000FC74E /* Example4MultiEditor.cpp */; };
		764CAC97240BCC58004003B6 /* HeavenGateWindowEffectTable.cpp in Sources */ = {isa = PBXBuildFile; fileRef = 764CAC93240BCC58004003B6 /* HeavenGateWindowEffectTable.cpp */; };
		764CAC98240BCC58004003B6 /* HeavenGateWindowBgmTable.cpp in Sources */ = {isa = PBXBuildFile; fileRef = 764CAC96240BCC58004003B6 /* HeavenGateWindowBgmTable.cpp */; };
		766D007B2402EFFF002AD31F /* HeavenGateWindowPauseTable.cpp in Sources */ = {isa = PBXBuildFile; fileRef = 766D006F2402EFFE002AD31F /* HeavenGateWindowPauseTable.cpp */; };
		766D007C2402EFFF002AD31F /* StoryJsonChecker.cpp in Sources */ = {isa = PBXBuildFile; fileRef = 766D00742402EFFE002AD31F /* StoryJsonChecker.cpp */; };
		766D007D2402EFFF002AD31F /* HeavenGateWindowSceneTable.cpp in Sources */ = {isa = PBXBuildFile; fileRef = 766D00762402EFFF002AD31F /* HeavenGateWindowSceneTable.cpp */; };
		766D007E2402EFFF002AD31F /* HeavenGateWindowExhibitTable.cpp in Sources */ = {isa = PBXBuildFile; fileRef = 766D00772402EFFF002AD31F /* HeavenGateWindowExhibitTable.cpp */; };
		766D007F2402EFFF002AD31F /* HeavenGateWindowChapterTable.cpp in Sources */ = {isa = PBXBuildFile; fileRef = 766D00792402EFFF002AD31F /* HeavenGateWindowChapterTable.cpp */; };
		766D00802402EFFF002AD31F /* HeavenGateWindowCharacterTable.cpp in Sources */ = {isa = PBXBuildFile; fileRef = 766D007A2402EFFF002AD31F /* HeavenGateWindowCharacterTable.cpp */; };
		767052DE2423E16000E5C1CD /* StoryTimer.cpp in Sources */ = {isa = PBXBuildFile; fileRef = 767052DC2423E16000E5C1CD /* StoryTimer.cpp */; };
		767052DF2423E16000E5C1CD /* HeavenGateWindowRoleDrawingTable.cpp in Sources */ = {isa = PBXBuildFile; fileRef = 767052DD2423E16000E5C1CD /* HeavenGateWindowRoleDrawingTable.cpp */; };
		7696956B24274033004FA4E2 /* CircleCache.cpp in Sources */ = {isa = PBXBuildFile; fileRef = 7696956924274033004FA4E2 /* CircleCache.cpp */; };
		7696956E24276D43004FA4E2 /* StoryJsonWordNode.cpp in Sources */ = {isa = PBXBuildFile; fileRef = 7696956C24276D43004FA4E2 /* StoryJsonWordNode.cpp */; };
		7696957124276F54004FA4E2 /* StoryJsonStoryNode.cpp in Sources */ = {isa = PBXBuildFile; fileRef = 7696956F24276F54004FA4E2 /* StoryJsonStoryNode.cpp */; };
		7696957424278A4A004FA4E2 /* StoryJsonLabelNode.cpp in Sources */ = {isa = PBXBuildFile; fileRef = 7696957224278A4A004FA4E2 /* StoryJsonLabelNode.cpp */; };
		7696957724278F79004FA4E2 /* StoryJsonJumpNode.cpp in Sources */ = {isa = PBXBuildFile; fileRef = 7696957524278F79004FA4E2 /* StoryJsonJumpNode.cpp */; };
		7696957A24279476004FA4E2 /* StoryJsonExhibitNode.cpp in Sources */ = {isa = PBXBuildFile; fileRef = 7696957824279476004FA4E2 /* StoryJsonExhibitNode.cpp */; };
		769737812393948500780634 /* OpenGL.framework in Frameworks */ = {isa = PBXBuildFile; fileRef = 4080A9B420B034EA0036BA46 /* OpenGL.framework */; };
		76A1EAD4242CEDAC00D49F19 /* HeavenGateEditorNodeGraphExample.cpp in Sources */ = {isa = PBXBuildFile; fileRef = 76A1EAD3242CEDAC00D49F19 /* HeavenGateEditorNodeGraphExample.cpp */; };
		76E3E9B6247051330067DEBE /* imnodes.cpp in Sources */ = {isa = PBXBuildFile; fileRef = 76E3E9B4247051330067DEBE /* imnodes.cpp */; };
		76E3E9BD247075860067DEBE /* StoryNodeGraph.cpp in Sources */ = {isa = PBXBuildFile; fileRef = 76E3E9B7247075850067DEBE /* StoryNodeGraph.cpp */; };
		76E3E9BE247075860067DEBE /* StoryRow.cpp in Sources */ = {isa = PBXBuildFile; fileRef = 76E3E9B8247075860067DEBE /* StoryRow.cpp */; };
		76E3E9BF247075860067DEBE /* HeavenGateWindowNodeGraph.cpp in Sources */ = {isa = PBXBuildFile; fileRef = 76E3E9B9247075860067DEBE /* HeavenGateWindowNodeGraph.cpp */; };
		76EFF37923B7D9880031354F /* HeavenGateWindowCenter.cpp in Sources */ = {isa = PBXBuildFile; fileRef = 76EFF35323B7D9870031354F /* HeavenGateWindowCenter.cpp */; };
		76EFF37A23B7D9880031354F /* HeavenGatePopupResolveConflictFiles.cpp in Sources */ = {isa = PBXBuildFile; fileRef = 76EFF35523B7D9870031354F /* HeavenGatePopupResolveConflictFiles.cpp */; };
		76EFF37B23B7D9880031354F /* HeavenGateWindowPaintMoveTable.cpp in Sources */ = {isa = PBXBuildFile; fileRef = 76EFF35623B7D9870031354F /* HeavenGateWindowPaintMoveTable.cpp */; };
		76EFF37C23B7D9880031354F /* StoryJsonContentCompiler.cpp in Sources */ = {isa = PBXBuildFile; fileRef = 76EFF35823B7D9870031354F /* StoryJsonContentCompiler.cpp */; };
		76EFF37D23B7D9880031354F /* CharacterUtility.cpp in Sources */ = {isa = PBXBuildFile; fileRef = 76EFF35A23B7D9870031354F /* CharacterUtility.cpp */; };
		76EFF37E23B7D9880031354F /* StoryJsonManager.cpp in Sources */ = {isa = PBXBuildFile; fileRef = 76EFF35B23B7D9870031354F /* StoryJsonManager.cpp */; };
		76EFF37F23B7D9880031354F /* HeavenGatePopupInputFileName.cpp in Sources */ = {isa = PBXBuildFile; fileRef = 76EFF35F23B7D9870031354F /* HeavenGatePopupInputFileName.cpp */; };
		76EFF38023B7D9880031354F /* HeavenGateEditorFontSizeTable.cpp in Sources */ = {isa = PBXBuildFile; fileRef = 76EFF36123B7D9870031354F /* HeavenGateEditorFontSizeTable.cpp */; };
		76EFF38123B7D9880031354F /* StoryTable.cpp in Sources */ = {isa = PBXBuildFile; fileRef = 76EFF36323B7D9870031354F /* StoryTable.cpp */; };
		76EFF38223B7D9880031354F /* StoryFileManager.cpp in Sources */ = {isa = PBXBuildFile; fileRef = 76EFF36723B7D9870031354F /* StoryFileManager.cpp */; };
		76EFF38323B7D9880031354F /* HeavenGateWindowColorTable.cpp in Sources */ = {isa = PBXBuildFile; fileRef = 76EFF36A23B7D9880031354F /* HeavenGateWindowColorTable.cpp */; };
		76EFF38423B7D9880031354F /* StoryTableManager.cpp in Sources */ = {isa = PBXBuildFile; fileRef = 76EFF36C23B7D9880031354F /* StoryTableManager.cpp */; };
		76EFF38523B7D9880031354F /* StoryJson.cpp in Sources */ = {isa = PBXBuildFile; fileRef = 76EFF36E23B7D9880031354F /* StoryJson.cpp */; };
		76EFF38623B7D9880031354F /* HeavenGateEditorUtility.cpp in Sources */ = {isa = PBXBuildFile; fileRef = 76EFF37023B7D9880031354F /* HeavenGateEditorUtility.cpp */; };
		76EFF38723B7D9880031354F /* HeavenGateWindowStoryEditor.cpp in Sources */ = {isa = PBXBuildFile; fileRef = 76EFF37123B7D9880031354F /* HeavenGateWindowStoryEditor.cpp */; };
		76EFF38823B7D9880031354F /* HeavenGateEditorBaseWindow.cpp in Sources */ = {isa = PBXBuildFile; fileRef = 76EFF37323B7D9880031354F /* HeavenGateEditorBaseWindow.cpp */; };
		76EFF38923B7D9880031354F /* HeavenGateWindowSelectStory.cpp in Sources */ = {isa = PBXBuildFile; fileRef = 76EFF37523B7D9880031354F /* HeavenGateWindowSelectStory.cpp */; };
		76EFF38A23B7D9880031354F /* HeavenGateWindowTipTable.cpp in Sources */ = {isa = PBXBuildFile; fileRef = 76EFF37723B7D9880031354F /* HeavenGateWindowTipTable.cpp */; };
/* End PBXBuildFile section */

/* Begin PBXCopyFilesBuildPhase section */
		4080A96920B029B00036BA46 /* Copy Files */ = {
			isa = PBXCopyFilesBuildPhase;
			buildActionMask = 2147483647;
			dstPath = /usr/share/man/man1/;
			dstSubfolderSpec = 0;
			files = (
			);
			name = "Copy Files";
			runOnlyForDeploymentPostprocessing = 1;
		};
/* End PBXCopyFilesBuildPhase section */

/* Begin PBXFileReference section */
		07A82EDA213941D00078D120 /* imgui_widgets.cpp */ = {isa = PBXFileReference; fileEncoding = 4; lastKnownFileType = sourcecode.cpp.cpp; name = imgui_widgets.cpp; path = ../../imgui_widgets.cpp; sourceTree = "<group>"; };
		4080A96B20B029B00036BA46 /* example_osx_opengl2 */ = {isa = PBXFileReference; explicitFileType = "compiled.mach-o.executable"; includeInIndex = 0; path = example_osx_opengl2; sourceTree = BUILT_PRODUCTS_DIR; };
		4080A98A20B02CD90036BA46 /* main.mm */ = {isa = PBXFileReference; fileEncoding = 4; lastKnownFileType = sourcecode.cpp.objcpp; path = main.mm; sourceTree = SOURCE_ROOT; };
		4080A99E20B034280036BA46 /* imgui_impl_opengl2.cpp */ = {isa = PBXFileReference; fileEncoding = 4; lastKnownFileType = sourcecode.cpp.cpp; name = imgui_impl_opengl2.cpp; path = ../imgui_impl_opengl2.cpp; sourceTree = "<group>"; };
		4080A99F20B034280036BA46 /* imgui_impl_osx.mm */ = {isa = PBXFileReference; fileEncoding = 4; lastKnownFileType = sourcecode.cpp.objcpp; name = imgui_impl_osx.mm; path = ../imgui_impl_osx.mm; sourceTree = "<group>"; };
		4080A9A020B034280036BA46 /* imgui_impl_opengl2.h */ = {isa = PBXFileReference; fileEncoding = 4; lastKnownFileType = sourcecode.c.h; name = imgui_impl_opengl2.h; path = ../imgui_impl_opengl2.h; sourceTree = "<group>"; };
		4080A9A120B034280036BA46 /* imgui_impl_osx.h */ = {isa = PBXFileReference; fileEncoding = 4; lastKnownFileType = sourcecode.c.h; name = imgui_impl_osx.h; path = ../imgui_impl_osx.h; sourceTree = "<group>"; };
		4080A9A520B0343C0036BA46 /* imgui_internal.h */ = {isa = PBXFileReference; fileEncoding = 4; lastKnownFileType = sourcecode.c.h; name = imgui_internal.h; path = ../../imgui_internal.h; sourceTree = "<group>"; };
		4080A9A620B0343C0036BA46 /* imgui_demo.cpp */ = {isa = PBXFileReference; fileEncoding = 4; lastKnownFileType = sourcecode.cpp.cpp; name = imgui_demo.cpp; path = ../../imgui_demo.cpp; sourceTree = "<group>"; };
		4080A9A720B0343C0036BA46 /* imgui.cpp */ = {isa = PBXFileReference; fileEncoding = 4; lastKnownFileType = sourcecode.cpp.cpp; name = imgui.cpp; path = ../../imgui.cpp; sourceTree = "<group>"; };
		4080A9A820B0343C0036BA46 /* imgui.h */ = {isa = PBXFileReference; fileEncoding = 4; lastKnownFileType = sourcecode.c.h; name = imgui.h; path = ../../imgui.h; sourceTree = "<group>"; };
		4080A9AA20B0343C0036BA46 /* imgui_draw.cpp */ = {isa = PBXFileReference; fileEncoding = 4; lastKnownFileType = sourcecode.cpp.cpp; name = imgui_draw.cpp; path = ../../imgui_draw.cpp; sourceTree = "<group>"; };
		4080A9AC20B0343C0036BA46 /* imconfig.h */ = {isa = PBXFileReference; fileEncoding = 4; lastKnownFileType = sourcecode.c.h; name = imconfig.h; path = ../../imconfig.h; sourceTree = "<group>"; };
		4080A9B220B034E40036BA46 /* Cocoa.framework */ = {isa = PBXFileReference; lastKnownFileType = wrapper.framework; name = Cocoa.framework; path = System/Library/Frameworks/Cocoa.framework; sourceTree = SDKROOT; };
		4080A9B420B034EA0036BA46 /* OpenGL.framework */ = {isa = PBXFileReference; lastKnownFileType = wrapper.framework; name = OpenGL.framework; path = System/Library/Frameworks/OpenGL.framework; sourceTree = SDKROOT; };
		7606C9E723770FC50071E204 /* json.hpp */ = {isa = PBXFileReference; fileEncoding = 4; lastKnownFileType = sourcecode.cpp.h; name = json.hpp; path = ../../nlohmann/json.hpp; sourceTree = "<group>"; };
		764C9BD024557C21000FC74E /* ExampleBase.cpp */ = {isa = PBXFileReference; fileEncoding = 4; lastKnownFileType = sourcecode.cpp.cpp; name = ExampleBase.cpp; path = ../../imnodes/ExampleBase.cpp; sourceTree = "<group>"; };
		764C9BD124557C21000FC74E /* ExampleBase.h */ = {isa = PBXFileReference; fileEncoding = 4; lastKnownFileType = sourcecode.c.h; name = ExampleBase.h; path = ../../imnodes/ExampleBase.h; sourceTree = "<group>"; };
		764C9BD324558DB4000FC74E /* Example2SaveLoadEditor.h */ = {isa = PBXFileReference; fileEncoding = 4; lastKnownFileType = sourcecode.c.h; name = Example2SaveLoadEditor.h; path = ../../imnodes/Example2SaveLoadEditor.h; sourceTree = "<group>"; };
		764C9BD424558DB4000FC74E /* Example2SaveLoadEditor.cpp */ = {isa = PBXFileReference; fileEncoding = 4; lastKnownFileType = sourcecode.cpp.cpp; name = Example2SaveLoadEditor.cpp; path = ../../imnodes/Example2SaveLoadEditor.cpp; sourceTree = "<group>"; };
		764C9BD524558DB5000FC74E /* Example1Simple.cpp */ = {isa = PBXFileReference; fileEncoding = 4; lastKnownFileType = sourcecode.cpp.cpp; name = Example1Simple.cpp; path = ../../imnodes/Example1Simple.cpp; sourceTree = "<group>"; };
		764C9BD624558DB5000FC74E /* Example3ColorNodeEditor.cpp */ = {isa = PBXFileReference; fileEncoding = 4; lastKnownFileType = sourcecode.cpp.cpp; name = Example3ColorNodeEditor.cpp; path = ../../imnodes/Example3ColorNodeEditor.cpp; sourceTree = "<group>"; };
		764C9BD724558DB5000FC74E /* Example3ColorNodeEditor.h */ = {isa = PBXFileReference; fileEncoding = 4; lastKnownFileType = sourcecode.c.h; name = Example3ColorNodeEditor.h; path = ../../imnodes/Example3ColorNodeEditor.h; sourceTree = "<group>"; };
		764C9BD824558DB5000FC74E /* Example4MultiEditor.h */ = {isa = PBXFileReference; fileEncoding = 4; lastKnownFileType = sourcecode.c.h; name = Example4MultiEditor.h; path = ../../imnodes/Example4MultiEditor.h; sourceTree = "<group>"; };
		764C9BD924558DB5000FC74E /* Example4MultiEditor.cpp */ = {isa = PBXFileReference; fileEncoding = 4; lastKnownFileType = sourcecode.cpp.cpp; name = Example4MultiEditor.cpp; path = ../../imnodes/Example4MultiEditor.cpp; sourceTree = "<group>"; };
		764C9BDA24558DB5000FC74E /* Example1Simple.h */ = {isa = PBXFileReference; fileEncoding = 4; lastKnownFileType = sourcecode.c.h; name = Example1Simple.h; path = ../../imnodes/Example1Simple.h; sourceTree = "<group>"; };
		764CAC93240BCC58004003B6 /* HeavenGateWindowEffectTable.cpp */ = {isa = PBXFileReference; fileEncoding = 4; lastKnownFileType = sourcecode.cpp.cpp; path = HeavenGateWindowEffectTable.cpp; sourceTree = "<group>"; };
		764CAC94240BCC58004003B6 /* HeavenGateWindowEffectTable.h */ = {isa = PBXFileReference; fileEncoding = 4; lastKnownFileType = sourcecode.c.h; path = HeavenGateWindowEffectTable.h; sourceTree = "<group>"; };
		764CAC95240BCC58004003B6 /* HeavenGateWindowBgmTable.h */ = {isa = PBXFileReference; fileEncoding = 4; lastKnownFileType = sourcecode.c.h; path = HeavenGateWindowBgmTable.h; sourceTree = "<group>"; };
		764CAC96240BCC58004003B6 /* HeavenGateWindowBgmTable.cpp */ = {isa = PBXFileReference; fileEncoding = 4; lastKnownFileType = sourcecode.cpp.cpp; path = HeavenGateWindowBgmTable.cpp; sourceTree = "<group>"; };
		766D006F2402EFFE002AD31F /* HeavenGateWindowPauseTable.cpp */ = {isa = PBXFileReference; fileEncoding = 4; lastKnownFileType = sourcecode.cpp.cpp; path = HeavenGateWindowPauseTable.cpp; sourceTree = "<group>"; };
		766D00702402EFFE002AD31F /* HeavenGateWindowExhibitTable.h */ = {isa = PBXFileReference; fileEncoding = 4; lastKnownFileType = sourcecode.c.h; path = HeavenGateWindowExhibitTable.h; sourceTree = "<group>"; };
		766D00712402EFFE002AD31F /* HeavenGateWindowPauseTable.h */ = {isa = PBXFileReference; fileEncoding = 4; lastKnownFileType = sourcecode.c.h; path = HeavenGateWindowPauseTable.h; sourceTree = "<group>"; };
		766D00722402EFFE002AD31F /* HeavenGateWindowChapterTable.h */ = {isa = PBXFileReference; fileEncoding = 4; lastKnownFileType = sourcecode.c.h; path = HeavenGateWindowChapterTable.h; sourceTree = "<group>"; };
		766D00732402EFFE002AD31F /* HeavenGateWindowSceneTable.h */ = {isa = PBXFileReference; fileEncoding = 4; lastKnownFileType = sourcecode.c.h; path = HeavenGateWindowSceneTable.h; sourceTree = "<group>"; };
		766D00742402EFFE002AD31F /* StoryJsonChecker.cpp */ = {isa = PBXFileReference; fileEncoding = 4; lastKnownFileType = sourcecode.cpp.cpp; path = StoryJsonChecker.cpp; sourceTree = "<group>"; };
		766D00752402EFFE002AD31F /* HeavenGateWindowCharacterTable.h */ = {isa = PBXFileReference; fileEncoding = 4; lastKnownFileType = sourcecode.c.h; path = HeavenGateWindowCharacterTable.h; sourceTree = "<group>"; };
		766D00762402EFFF002AD31F /* HeavenGateWindowSceneTable.cpp */ = {isa = PBXFileReference; fileEncoding = 4; lastKnownFileType = sourcecode.cpp.cpp; path = HeavenGateWindowSceneTable.cpp; sourceTree = "<group>"; };
		766D00772402EFFF002AD31F /* HeavenGateWindowExhibitTable.cpp */ = {isa = PBXFileReference; fileEncoding = 4; lastKnownFileType = sourcecode.cpp.cpp; path = HeavenGateWindowExhibitTable.cpp; sourceTree = "<group>"; };
		766D00782402EFFF002AD31F /* StoryJsonChecker.h */ = {isa = PBXFileReference; fileEncoding = 4; lastKnownFileType = sourcecode.c.h; path = StoryJsonChecker.h; sourceTree = "<group>"; };
		766D00792402EFFF002AD31F /* HeavenGateWindowChapterTable.cpp */ = {isa = PBXFileReference; fileEncoding = 4; lastKnownFileType = sourcecode.cpp.cpp; path = HeavenGateWindowChapterTable.cpp; sourceTree = "<group>"; };
		766D007A2402EFFF002AD31F /* HeavenGateWindowCharacterTable.cpp */ = {isa = PBXFileReference; fileEncoding = 4; lastKnownFileType = sourcecode.cpp.cpp; path = HeavenGateWindowCharacterTable.cpp; sourceTree = "<group>"; };
		767052DA2423E16000E5C1CD /* HeavenGateWindowRoleDrawingTable.h */ = {isa = PBXFileReference; fileEncoding = 4; lastKnownFileType = sourcecode.c.h; path = HeavenGateWindowRoleDrawingTable.h; sourceTree = "<group>"; };
		767052DB2423E16000E5C1CD /* StoryTimer.h */ = {isa = PBXFileReference; fileEncoding = 4; lastKnownFileType = sourcecode.c.h; path = StoryTimer.h; sourceTree = "<group>"; };
		767052DC2423E16000E5C1CD /* StoryTimer.cpp */ = {isa = PBXFileReference; fileEncoding = 4; lastKnownFileType = sourcecode.cpp.cpp; path = StoryTimer.cpp; sourceTree = "<group>"; };
		767052DD2423E16000E5C1CD /* HeavenGateWindowRoleDrawingTable.cpp */ = {isa = PBXFileReference; fileEncoding = 4; lastKnownFileType = sourcecode.cpp.cpp; path = HeavenGateWindowRoleDrawingTable.cpp; sourceTree = "<group>"; };
		7696956924274033004FA4E2 /* CircleCache.cpp */ = {isa = PBXFileReference; fileEncoding = 4; lastKnownFileType = sourcecode.cpp.cpp; path = CircleCache.cpp; sourceTree = "<group>"; };
		7696956A24274033004FA4E2 /* CircleCache.h */ = {isa = PBXFileReference; fileEncoding = 4; lastKnownFileType = sourcecode.c.h; path = CircleCache.h; sourceTree = "<group>"; };
		7696956C24276D43004FA4E2 /* StoryJsonWordNode.cpp */ = {isa = PBXFileReference; lastKnownFileType = sourcecode.cpp.cpp; path = StoryJsonWordNode.cpp; sourceTree = "<group>"; };
		7696956D24276D43004FA4E2 /* StoryJsonWordNode.h */ = {isa = PBXFileReference; lastKnownFileType = sourcecode.c.h; path = StoryJsonWordNode.h; sourceTree = "<group>"; };
		7696956F24276F54004FA4E2 /* StoryJsonStoryNode.cpp */ = {isa = PBXFileReference; lastKnownFileType = sourcecode.cpp.cpp; path = StoryJsonStoryNode.cpp; sourceTree = "<group>"; };
		7696957024276F54004FA4E2 /* StoryJsonStoryNode.h */ = {isa = PBXFileReference; lastKnownFileType = sourcecode.c.h; path = StoryJsonStoryNode.h; sourceTree = "<group>"; };
		7696957224278A4A004FA4E2 /* StoryJsonLabelNode.cpp */ = {isa = PBXFileReference; lastKnownFileType = sourcecode.cpp.cpp; path = StoryJsonLabelNode.cpp; sourceTree = "<group>"; };
		7696957324278A4A004FA4E2 /* StoryJsonLabelNode.h */ = {isa = PBXFileReference; lastKnownFileType = sourcecode.c.h; path = StoryJsonLabelNode.h; sourceTree = "<group>"; };
		7696957524278F79004FA4E2 /* StoryJsonJumpNode.cpp */ = {isa = PBXFileReference; lastKnownFileType = sourcecode.cpp.cpp; path = StoryJsonJumpNode.cpp; sourceTree = "<group>"; };
		7696957624278F79004FA4E2 /* StoryJsonJumpNode.h */ = {isa = PBXFileReference; lastKnownFileType = sourcecode.c.h; path = StoryJsonJumpNode.h; sourceTree = "<group>"; };
		7696957824279476004FA4E2 /* StoryJsonExhibitNode.cpp */ = {isa = PBXFileReference; lastKnownFileType = sourcecode.cpp.cpp; path = StoryJsonExhibitNode.cpp; sourceTree = "<group>"; };
		7696957924279476004FA4E2 /* StoryJsonExhibitNode.h */ = {isa = PBXFileReference; lastKnownFileType = sourcecode.c.h; path = StoryJsonExhibitNode.h; sourceTree = "<group>"; };
		76A1EAD2242CEDAC00D49F19 /* HeavenGateEditorNodeGraphExample.h */ = {isa = PBXFileReference; fileEncoding = 4; lastKnownFileType = sourcecode.c.h; path = HeavenGateEditorNodeGraphExample.h; sourceTree = "<group>"; };
		76A1EAD3242CEDAC00D49F19 /* HeavenGateEditorNodeGraphExample.cpp */ = {isa = PBXFileReference; fileEncoding = 4; lastKnownFileType = sourcecode.cpp.cpp; path = HeavenGateEditorNodeGraphExample.cpp; sourceTree = "<group>"; };
		76E3E9B4247051330067DEBE /* imnodes.cpp */ = {isa = PBXFileReference; fileEncoding = 4; lastKnownFileType = sourcecode.cpp.cpp; name = imnodes.cpp; path = ../../imnodes/imnodes.cpp; sourceTree = "<group>"; };
		76E3E9B5247051330067DEBE /* imnodes.h */ = {isa = PBXFileReference; fileEncoding = 4; lastKnownFileType = sourcecode.c.h; name = imnodes.h; path = ../../imnodes/imnodes.h; sourceTree = "<group>"; };
		76E3E9B7247075850067DEBE /* StoryNodeGraph.cpp */ = {isa = PBXFileReference; fileEncoding = 4; lastKnownFileType = sourcecode.cpp.cpp; path = StoryNodeGraph.cpp; sourceTree = "<group>"; };
		76E3E9B8247075860067DEBE /* StoryRow.cpp */ = {isa = PBXFileReference; fileEncoding = 4; lastKnownFileType = sourcecode.cpp.cpp; path = StoryRow.cpp; sourceTree = "<group>"; };
		76E3E9B9247075860067DEBE /* HeavenGateWindowNodeGraph.cpp */ = {isa = PBXFileReference; fileEncoding = 4; lastKnownFileType = sourcecode.cpp.cpp; path = HeavenGateWindowNodeGraph.cpp; sourceTree = "<group>"; };
		76E3E9BA247075860067DEBE /* StoryNodeGraph.h */ = {isa = PBXFileReference; fileEncoding = 4; lastKnownFileType = sourcecode.c.h; path = StoryNodeGraph.h; sourceTree = "<group>"; };
		76E3E9BB247075860067DEBE /* HeavenGateWindowNodeGraph.h */ = {isa = PBXFileReference; fileEncoding = 4; lastKnownFileType = sourcecode.c.h; path = HeavenGateWindowNodeGraph.h; sourceTree = "<group>"; };
		76E3E9BC247075860067DEBE /* StoryRow.h */ = {isa = PBXFileReference; fileEncoding = 4; lastKnownFileType = sourcecode.c.h; path = StoryRow.h; sourceTree = "<group>"; };
		76E3E9C0247076460067DEBE /* StoryLayoutConstant.h */ = {isa = PBXFileReference; fileEncoding = 4; lastKnownFileType = sourcecode.c.h; path = StoryLayoutConstant.h; sourceTree = "<group>"; };
		76E3E9C1247085430067DEBE /* StoryTableDefine.h */ = {isa = PBXFileReference; fileEncoding = 4; lastKnownFileType = sourcecode.c.h; path = StoryTableDefine.h; sourceTree = "<group>"; };
		76EFF35323B7D9870031354F /* HeavenGateWindowCenter.cpp */ = {isa = PBXFileReference; fileEncoding = 4; lastKnownFileType = sourcecode.cpp.cpp; path = HeavenGateWindowCenter.cpp; sourceTree = "<group>"; };
		76EFF35423B7D9870031354F /* CharacterUtility.h */ = {isa = PBXFileReference; fileEncoding = 4; lastKnownFileType = sourcecode.c.h; path = CharacterUtility.h; sourceTree = "<group>"; };
		76EFF35523B7D9870031354F /* HeavenGatePopupResolveConflictFiles.cpp */ = {isa = PBXFileReference; fileEncoding = 4; lastKnownFileType = sourcecode.cpp.cpp; path = HeavenGatePopupResolveConflictFiles.cpp; sourceTree = "<group>"; };
		76EFF35623B7D9870031354F /* HeavenGateWindowPaintMoveTable.cpp */ = {isa = PBXFileReference; fileEncoding = 4; lastKnownFileType = sourcecode.cpp.cpp; path = HeavenGateWindowPaintMoveTable.cpp; sourceTree = "<group>"; };
		76EFF35723B7D9870031354F /* StoryJson.h */ = {isa = PBXFileReference; fileEncoding = 4; lastKnownFileType = sourcecode.c.h; path = StoryJson.h; sourceTree = "<group>"; };
		76EFF35823B7D9870031354F /* StoryJsonContentCompiler.cpp */ = {isa = PBXFileReference; fileEncoding = 4; lastKnownFileType = sourcecode.cpp.cpp; path = StoryJsonContentCompiler.cpp; sourceTree = "<group>"; };
		76EFF35923B7D9870031354F /* HeavenGateWindowTipTable.h */ = {isa = PBXFileReference; fileEncoding = 4; lastKnownFileType = sourcecode.c.h; path = HeavenGateWindowTipTable.h; sourceTree = "<group>"; };
		76EFF35A23B7D9870031354F /* CharacterUtility.cpp */ = {isa = PBXFileReference; fileEncoding = 4; lastKnownFileType = sourcecode.cpp.cpp; path = CharacterUtility.cpp; sourceTree = "<group>"; };
		76EFF35B23B7D9870031354F /* StoryJsonManager.cpp */ = {isa = PBXFileReference; fileEncoding = 4; lastKnownFileType = sourcecode.cpp.cpp; path = StoryJsonManager.cpp; sourceTree = "<group>"; };
		76EFF35C23B7D9870031354F /* HeavenGateWindowColorTable.h */ = {isa = PBXFileReference; fileEncoding = 4; lastKnownFileType = sourcecode.c.h; path = HeavenGateWindowColorTable.h; sourceTree = "<group>"; };
		76EFF35D23B7D9870031354F /* HeavenGatePopupResolveConflictFiles.h */ = {isa = PBXFileReference; fileEncoding = 4; lastKnownFileType = sourcecode.c.h; path = HeavenGatePopupResolveConflictFiles.h; sourceTree = "<group>"; };
		76EFF35E23B7D9870031354F /* HeavenGateWindowPaintMoveTable.h */ = {isa = PBXFileReference; fileEncoding = 4; lastKnownFileType = sourcecode.c.h; path = HeavenGateWindowPaintMoveTable.h; sourceTree = "<group>"; };
		76EFF35F23B7D9870031354F /* HeavenGatePopupInputFileName.cpp */ = {isa = PBXFileReference; fileEncoding = 4; lastKnownFileType = sourcecode.cpp.cpp; path = HeavenGatePopupInputFileName.cpp; sourceTree = "<group>"; };
		76EFF36023B7D9870031354F /* HeavenGateWindowStoryEditor.h */ = {isa = PBXFileReference; fileEncoding = 4; lastKnownFileType = sourcecode.c.h; path = HeavenGateWindowStoryEditor.h; sourceTree = "<group>"; };
		76EFF36123B7D9870031354F /* HeavenGateEditorFontSizeTable.cpp */ = {isa = PBXFileReference; fileEncoding = 4; lastKnownFileType = sourcecode.cpp.cpp; path = HeavenGateEditorFontSizeTable.cpp; sourceTree = "<group>"; };
		76EFF36223B7D9870031354F /* StoryFileManager.h */ = {isa = PBXFileReference; fileEncoding = 4; lastKnownFileType = sourcecode.c.h; path = StoryFileManager.h; sourceTree = "<group>"; };
		76EFF36323B7D9870031354F /* StoryTable.cpp */ = {isa = PBXFileReference; fileEncoding = 4; lastKnownFileType = sourcecode.cpp.cpp; path = StoryTable.cpp; sourceTree = "<group>"; };
		76EFF36423B7D9870031354F /* HeavenGateEditorBaseWindow.h */ = {isa = PBXFileReference; fileEncoding = 4; lastKnownFileType = sourcecode.c.h; path = HeavenGateEditorBaseWindow.h; sourceTree = "<group>"; };
		76EFF36523B7D9870031354F /* StoryTable.h */ = {isa = PBXFileReference; fileEncoding = 4; lastKnownFileType = sourcecode.c.h; path = StoryTable.h; sourceTree = "<group>"; };
		76EFF36623B7D9870031354F /* StoryJsonManager.h */ = {isa = PBXFileReference; fileEncoding = 4; lastKnownFileType = sourcecode.c.h; path = StoryJsonManager.h; sourceTree = "<group>"; };
		76EFF36723B7D9870031354F /* StoryFileManager.cpp */ = {isa = PBXFileReference; fileEncoding = 4; lastKnownFileType = sourcecode.cpp.cpp; path = StoryFileManager.cpp; sourceTree = "<group>"; };
		76EFF36823B7D9870031354F /* StoryJsonContentCompiler.h */ = {isa = PBXFileReference; fileEncoding = 4; lastKnownFileType = sourcecode.c.h; path = StoryJsonContentCompiler.h; sourceTree = "<group>"; };
		76EFF36923B7D9870031354F /* StorySingleton.h */ = {isa = PBXFileReference; fileEncoding = 4; lastKnownFileType = sourcecode.c.h; path = StorySingleton.h; sourceTree = "<group>"; };
		76EFF36A23B7D9880031354F /* HeavenGateWindowColorTable.cpp */ = {isa = PBXFileReference; fileEncoding = 4; lastKnownFileType = sourcecode.cpp.cpp; path = HeavenGateWindowColorTable.cpp; sourceTree = "<group>"; };
		76EFF36B23B7D9880031354F /* HeavenGateEditorUtility.h */ = {isa = PBXFileReference; fileEncoding = 4; lastKnownFileType = sourcecode.c.h; path = HeavenGateEditorUtility.h; sourceTree = "<group>"; };
		76EFF36C23B7D9880031354F /* StoryTableManager.cpp */ = {isa = PBXFileReference; fileEncoding = 4; lastKnownFileType = sourcecode.cpp.cpp; path = StoryTableManager.cpp; sourceTree = "<group>"; };
		76EFF36D23B7D9880031354F /* StoryTableManager.h */ = {isa = PBXFileReference; fileEncoding = 4; lastKnownFileType = sourcecode.c.h; path = StoryTableManager.h; sourceTree = "<group>"; };
		76EFF36E23B7D9880031354F /* StoryJson.cpp */ = {isa = PBXFileReference; fileEncoding = 4; lastKnownFileType = sourcecode.cpp.cpp; path = StoryJson.cpp; sourceTree = "<group>"; };
		76EFF36F23B7D9880031354F /* HeavenGateEditorConstant.h */ = {isa = PBXFileReference; fileEncoding = 4; lastKnownFileType = sourcecode.c.h; path = HeavenGateEditorConstant.h; sourceTree = "<group>"; };
		76EFF37023B7D9880031354F /* HeavenGateEditorUtility.cpp */ = {isa = PBXFileReference; fileEncoding = 4; lastKnownFileType = sourcecode.cpp.cpp; path = HeavenGateEditorUtility.cpp; sourceTree = "<group>"; };
		76EFF37123B7D9880031354F /* HeavenGateWindowStoryEditor.cpp */ = {isa = PBXFileReference; fileEncoding = 4; lastKnownFileType = sourcecode.cpp.cpp; path = HeavenGateWindowStoryEditor.cpp; sourceTree = "<group>"; };
		76EFF37223B7D9880031354F /* HeavenGatePopupInputFileName.h */ = {isa = PBXFileReference; fileEncoding = 4; lastKnownFileType = sourcecode.c.h; path = HeavenGatePopupInputFileName.h; sourceTree = "<group>"; };
		76EFF37323B7D9880031354F /* HeavenGateEditorBaseWindow.cpp */ = {isa = PBXFileReference; fileEncoding = 4; lastKnownFileType = sourcecode.cpp.cpp; path = HeavenGateEditorBaseWindow.cpp; sourceTree = "<group>"; };
		76EFF37423B7D9880031354F /* HeavenGateWindowCenter.h */ = {isa = PBXFileReference; fileEncoding = 4; lastKnownFileType = sourcecode.c.h; path = HeavenGateWindowCenter.h; sourceTree = "<group>"; };
		76EFF37523B7D9880031354F /* HeavenGateWindowSelectStory.cpp */ = {isa = PBXFileReference; fileEncoding = 4; lastKnownFileType = sourcecode.cpp.cpp; path = HeavenGateWindowSelectStory.cpp; sourceTree = "<group>"; };
		76EFF37623B7D9880031354F /* HeavenGateEditorFontSizeTable.h */ = {isa = PBXFileReference; fileEncoding = 4; lastKnownFileType = sourcecode.c.h; path = HeavenGateEditorFontSizeTable.h; sourceTree = "<group>"; };
		76EFF37723B7D9880031354F /* HeavenGateWindowTipTable.cpp */ = {isa = PBXFileReference; fileEncoding = 4; lastKnownFileType = sourcecode.cpp.cpp; path = HeavenGateWindowTipTable.cpp; sourceTree = "<group>"; };
		76EFF37823B7D9880031354F /* HeavenGateWindowSelectStory.h */ = {isa = PBXFileReference; fileEncoding = 4; lastKnownFileType = sourcecode.c.h; path = HeavenGateWindowSelectStory.h; sourceTree = "<group>"; };
/* End PBXFileReference section */

/* Begin PBXFrameworksBuildPhase section */
		4080A96820B029B00036BA46 /* Frameworks */ = {
			isa = PBXFrameworksBuildPhase;
			buildActionMask = 2147483647;
			files = (
				4080A9B320B034E40036BA46 /* Cocoa.framework in Frameworks */,
				769737812393948500780634 /* OpenGL.framework in Frameworks */,
			);
			runOnlyForDeploymentPostprocessing = 0;
		};
/* End PBXFrameworksBuildPhase section */

/* Begin PBXGroup section */
		4080A96220B029B00036BA46 = {
			isa = PBXGroup;
			children = (
				4080A9B120B034E40036BA46 /* Frameworks */,
				760F84FC23686ECD00EFA0D9 /* HeavenGate_Editor */,
				4080A9AC20B0343C0036BA46 /* imconfig.h */,
				4080A9A620B0343C0036BA46 /* imgui_demo.cpp */,
				4080A9AA20B0343C0036BA46 /* imgui_draw.cpp */,
				4080A99E20B034280036BA46 /* imgui_impl_opengl2.cpp */,
				4080A9A020B034280036BA46 /* imgui_impl_opengl2.h */,
				4080A9A120B034280036BA46 /* imgui_impl_osx.h */,
				4080A99F20B034280036BA46 /* imgui_impl_osx.mm */,
				4080A9A520B0343C0036BA46 /* imgui_internal.h */,
				07A82EDA213941D00078D120 /* imgui_widgets.cpp */,
				4080A9A720B0343C0036BA46 /* imgui.cpp */,
				4080A9A820B0343C0036BA46 /* imgui.h */,
				764C9BCF24557BBF000FC74E /* imnodes */,
				7606C9E723770FC50071E204 /* json.hpp */,
				4080A98A20B02CD90036BA46 /* main.mm */,
				4080A96C20B029B00036BA46 /* Products */,
			);
			sourceTree = "<group>";
		};
		4080A96C20B029B00036BA46 /* Products */ = {
			isa = PBXGroup;
			children = (
				4080A96B20B029B00036BA46 /* example_osx_opengl2 */,
			);
			name = Products;
			sourceTree = "<group>";
		};
		4080A9B120B034E40036BA46 /* Frameworks */ = {
			isa = PBXGroup;
			children = (
				4080A9B420B034EA0036BA46 /* OpenGL.framework */,
				4080A9B220B034E40036BA46 /* Cocoa.framework */,
			);
			name = Frameworks;
			sourceTree = "<group>";
		};
		760F84FC23686ECD00EFA0D9 /* HeavenGate_Editor */ = {
			isa = PBXGroup;
			children = (
				76EFF35A23B7D9870031354F /* CharacterUtility.cpp */,
				76EFF35423B7D9870031354F /* CharacterUtility.h */,
				7696956924274033004FA4E2 /* CircleCache.cpp */,
				7696956A24274033004FA4E2 /* CircleCache.h */,
				76EFF37323B7D9880031354F /* HeavenGateEditorBaseWindow.cpp */,
				76EFF36423B7D9870031354F /* HeavenGateEditorBaseWindow.h */,
				76EFF36F23B7D9880031354F /* HeavenGateEditorConstant.h */,
				76EFF36123B7D9870031354F /* HeavenGateEditorFontSizeTable.cpp */,
				76EFF37623B7D9880031354F /* HeavenGateEditorFontSizeTable.h */,
				76A1EAD3242CEDAC00D49F19 /* HeavenGateEditorNodeGraphExample.cpp */,
				76A1EAD2242CEDAC00D49F19 /* HeavenGateEditorNodeGraphExample.h */,
				76EFF37023B7D9880031354F /* HeavenGateEditorUtility.cpp */,
				76EFF36B23B7D9880031354F /* HeavenGateEditorUtility.h */,
				76EFF35F23B7D9870031354F /* HeavenGatePopupInputFileName.cpp */,
				76EFF37223B7D9880031354F /* HeavenGatePopupInputFileName.h */,
				76EFF35523B7D9870031354F /* HeavenGatePopupResolveConflictFiles.cpp */,
				76EFF35D23B7D9870031354F /* HeavenGatePopupResolveConflictFiles.h */,
				764CAC96240BCC58004003B6 /* HeavenGateWindowBgmTable.cpp */,
				764CAC95240BCC58004003B6 /* HeavenGateWindowBgmTable.h */,
				76EFF35323B7D9870031354F /* HeavenGateWindowCenter.cpp */,
				76EFF37423B7D9880031354F /* HeavenGateWindowCenter.h */,
				766D00792402EFFF002AD31F /* HeavenGateWindowChapterTable.cpp */,
				766D00722402EFFE002AD31F /* HeavenGateWindowChapterTable.h */,
				766D007A2402EFFF002AD31F /* HeavenGateWindowCharacterTable.cpp */,
				766D00752402EFFE002AD31F /* HeavenGateWindowCharacterTable.h */,
				76EFF36A23B7D9880031354F /* HeavenGateWindowColorTable.cpp */,
				76EFF35C23B7D9870031354F /* HeavenGateWindowColorTable.h */,
				764CAC93240BCC58004003B6 /* HeavenGateWindowEffectTable.cpp */,
				764CAC94240BCC58004003B6 /* HeavenGateWindowEffectTable.h */,
				766D00772402EFFF002AD31F /* HeavenGateWindowExhibitTable.cpp */,
				766D00702402EFFE002AD31F /* HeavenGateWindowExhibitTable.h */,
				76E3E9B9247075860067DEBE /* HeavenGateWindowNodeGraph.cpp */,
				76E3E9BB247075860067DEBE /* HeavenGateWindowNodeGraph.h */,
				76EFF35623B7D9870031354F /* HeavenGateWindowPaintMoveTable.cpp */,
				76EFF35E23B7D9870031354F /* HeavenGateWindowPaintMoveTable.h */,
				766D006F2402EFFE002AD31F /* HeavenGateWindowPauseTable.cpp */,
				766D00712402EFFE002AD31F /* HeavenGateWindowPauseTable.h */,
				767052DD2423E16000E5C1CD /* HeavenGateWindowRoleDrawingTable.cpp */,
				767052DA2423E16000E5C1CD /* HeavenGateWindowRoleDrawingTable.h */,
				766D00762402EFFF002AD31F /* HeavenGateWindowSceneTable.cpp */,
				766D00732402EFFE002AD31F /* HeavenGateWindowSceneTable.h */,
				76EFF37523B7D9880031354F /* HeavenGateWindowSelectStory.cpp */,
				76EFF37823B7D9880031354F /* HeavenGateWindowSelectStory.h */,
				76EFF37123B7D9880031354F /* HeavenGateWindowStoryEditor.cpp */,
				76EFF36023B7D9870031354F /* HeavenGateWindowStoryEditor.h */,
				76EFF37723B7D9880031354F /* HeavenGateWindowTipTable.cpp */,
				76EFF35923B7D9870031354F /* HeavenGateWindowTipTable.h */,
				76EFF36723B7D9870031354F /* StoryFileManager.cpp */,
				76EFF36223B7D9870031354F /* StoryFileManager.h */,
				76EFF36E23B7D9880031354F /* StoryJson.cpp */,
				76EFF35723B7D9870031354F /* StoryJson.h */,
				766D00742402EFFE002AD31F /* StoryJsonChecker.cpp */,
				766D00782402EFFF002AD31F /* StoryJsonChecker.h */,
				76EFF35823B7D9870031354F /* StoryJsonContentCompiler.cpp */,
				76EFF36823B7D9870031354F /* StoryJsonContentCompiler.h */,
				7696957824279476004FA4E2 /* StoryJsonExhibitNode.cpp */,
				7696957924279476004FA4E2 /* StoryJsonExhibitNode.h */,
				7696957524278F79004FA4E2 /* StoryJsonJumpNode.cpp */,
				7696957624278F79004FA4E2 /* StoryJsonJumpNode.h */,
				7696957224278A4A004FA4E2 /* StoryJsonLabelNode.cpp */,
				7696957324278A4A004FA4E2 /* StoryJsonLabelNode.h */,
				76EFF35B23B7D9870031354F /* StoryJsonManager.cpp */,
				76EFF36623B7D9870031354F /* StoryJsonManager.h */,
				7696956F24276F54004FA4E2 /* StoryJsonStoryNode.cpp */,
				7696957024276F54004FA4E2 /* StoryJsonStoryNode.h */,
				7696956C24276D43004FA4E2 /* StoryJsonWordNode.cpp */,
				7696956D24276D43004FA4E2 /* StoryJsonWordNode.h */,
				76E3E9C0247076460067DEBE /* StoryLayoutConstant.h */,
				76E3E9B7247075850067DEBE /* StoryNodeGraph.cpp */,
				76E3E9BA247075860067DEBE /* StoryNodeGraph.h */,
				76E3E9B8247075860067DEBE /* StoryRow.cpp */,
				76E3E9BC247075860067DEBE /* StoryRow.h */,
				76EFF36923B7D9870031354F /* StorySingleton.h */,
				76EFF36323B7D9870031354F /* StoryTable.cpp */,
				76EFF36523B7D9870031354F /* StoryTable.h */,
				76E3E9C1247085430067DEBE /* StoryTableDefine.h */,
				76EFF36C23B7D9880031354F /* StoryTableManager.cpp */,
				76EFF36D23B7D9880031354F /* StoryTableManager.h */,
				767052DC2423E16000E5C1CD /* StoryTimer.cpp */,
				767052DB2423E16000E5C1CD /* StoryTimer.h */,
			);
			name = HeavenGate_Editor;
			path = ../../HeavenGate_Editor;
			sourceTree = "<group>";
		};
		764C9BCF24557BBF000FC74E /* imnodes */ = {
			isa = PBXGroup;
			children = (
				76E3E9B4247051330067DEBE /* imnodes.cpp */,
				76E3E9B5247051330067DEBE /* imnodes.h */,
				764C9BD524558DB5000FC74E /* Example1Simple.cpp */,
				764C9BDA24558DB5000FC74E /* Example1Simple.h */,
				764C9BD424558DB4000FC74E /* Example2SaveLoadEditor.cpp */,
				764C9BD324558DB4000FC74E /* Example2SaveLoadEditor.h */,
				764C9BD624558DB5000FC74E /* Example3ColorNodeEditor.cpp */,
				764C9BD724558DB5000FC74E /* Example3ColorNodeEditor.h */,
				764C9BD924558DB5000FC74E /* Example4MultiEditor.cpp */,
				764C9BD824558DB5000FC74E /* Example4MultiEditor.h */,
				764C9BD024557C21000FC74E /* ExampleBase.cpp */,
				764C9BD124557C21000FC74E /* ExampleBase.h */,
			);
			name = imnodes;
			sourceTree = "<group>";
		};
/* End PBXGroup section */

/* Begin PBXNativeTarget section */
		4080A96A20B029B00036BA46 /* example_osx_opengl2 */ = {
			isa = PBXNativeTarget;
			buildConfigurationList = 4080A97220B029B00036BA46 /* Build configuration list for PBXNativeTarget "example_osx_opengl2" */;
			buildPhases = (
				4080A96720B029B00036BA46 /* Sources */,
				4080A96820B029B00036BA46 /* Frameworks */,
				4080A96920B029B00036BA46 /* Copy Files */,
			);
			buildRules = (
			);
			dependencies = (
			);
			name = example_osx_opengl2;
			productName = example_osx_opengl2;
			productReference = 4080A96B20B029B00036BA46 /* example_osx_opengl2 */;
			productType = "com.apple.product-type.tool";
		};
/* End PBXNativeTarget section */

/* Begin PBXProject section */
		4080A96320B029B00036BA46 /* Project object */ = {
			isa = PBXProject;
			attributes = {
				LastUpgradeCheck = 0930;
				ORGANIZATIONNAME = ImGui;
				TargetAttributes = {
					4080A96A20B029B00036BA46 = {
						CreatedOnToolsVersion = 9.3.1;
						ProvisioningStyle = Automatic;
					};
				};
			};
			buildConfigurationList = 4080A96620B029B00036BA46 /* Build configuration list for PBXProject "example_apple_opengl2" */;
			compatibilityVersion = "Xcode 8.0";
			developmentRegion = en;
			hasScannedForEncodings = 0;
			knownRegions = (
				en,
			);
			mainGroup = 4080A96220B029B00036BA46;
			productRefGroup = 4080A96C20B029B00036BA46 /* Products */;
			projectDirPath = "";
			projectRoot = "";
			targets = (
				4080A96A20B029B00036BA46 /* example_osx_opengl2 */,
			);
		};
/* End PBXProject section */

/* Begin PBXSourcesBuildPhase section */
		4080A96720B029B00036BA46 /* Sources */ = {
			isa = PBXSourcesBuildPhase;
			buildActionMask = 2147483647;
			files = (
				4080A99820B02D340036BA46 /* main.mm in Sources */,
				76EFF37A23B7D9880031354F /* HeavenGatePopupResolveConflictFiles.cpp in Sources */,
				7696957424278A4A004FA4E2 /* StoryJsonLabelNode.cpp in Sources */,
				76EFF38623B7D9880031354F /* HeavenGateEditorUtility.cpp in Sources */,
				764C9BDB24558DB5000FC74E /* Example2SaveLoadEditor.cpp in Sources */,
				76EFF38423B7D9880031354F /* StoryTableManager.cpp in Sources */,
				76EFF37F23B7D9880031354F /* HeavenGatePopupInputFileName.cpp in Sources */,
				766D007E2402EFFF002AD31F /* HeavenGateWindowExhibitTable.cpp in Sources */,
				766D00802402EFFF002AD31F /* HeavenGateWindowCharacterTable.cpp in Sources */,
				764C9BDC24558DB5000FC74E /* Example1Simple.cpp in Sources */,
				76EFF37D23B7D9880031354F /* CharacterUtility.cpp in Sources */,
				76E3E9B6247051330067DEBE /* imnodes.cpp in Sources */,
				76E3E9BF247075860067DEBE /* HeavenGateWindowNodeGraph.cpp in Sources */,
				76EFF38723B7D9880031354F /* HeavenGateWindowStoryEditor.cpp in Sources */,
				7696957124276F54004FA4E2 /* StoryJsonStoryNode.cpp in Sources */,
				7696957724278F79004FA4E2 /* StoryJsonJumpNode.cpp in Sources */,
				76EFF37B23B7D9880031354F /* HeavenGateWindowPaintMoveTable.cpp in Sources */,
				76EFF38823B7D9880031354F /* HeavenGateEditorBaseWindow.cpp in Sources */,
				766D007D2402EFFF002AD31F /* HeavenGateWindowSceneTable.cpp in Sources */,
				76EFF37E23B7D9880031354F /* StoryJsonManager.cpp in Sources */,
				76EFF38323B7D9880031354F /* HeavenGateWindowColorTable.cpp in Sources */,
				7696956B24274033004FA4E2 /* CircleCache.cpp in Sources */,
				764CAC98240BCC58004003B6 /* HeavenGateWindowBgmTable.cpp in Sources */,
				764C9BD224557C21000FC74E /* ExampleBase.cpp in Sources */,
				4080A9AD20B0343C0036BA46 /* imgui_demo.cpp in Sources */,
				76EFF38223B7D9880031354F /* StoryFileManager.cpp in Sources */,
				4080A9AF20B0343C0036BA46 /* imgui_draw.cpp in Sources */,
				764C9BDE24558DB5000FC74E /* Example4MultiEditor.cpp in Sources */,
				76EFF38123B7D9880031354F /* StoryTable.cpp in Sources */,
				4080A9A220B034280036BA46 /* imgui_impl_opengl2.cpp in Sources */,
				76EFF38523B7D9880031354F /* StoryJson.cpp in Sources */,
				76E3E9BD247075860067DEBE /* StoryNodeGraph.cpp in Sources */,
				767052DE2423E16000E5C1CD /* StoryTimer.cpp in Sources */,
				766D007C2402EFFF002AD31F /* StoryJsonChecker.cpp in Sources */,
				764CAC97240BCC58004003B6 /* HeavenGateWindowEffectTable.cpp in Sources */,
				76EFF38923B7D9880031354F /* HeavenGateWindowSelectStory.cpp in Sources */,
				76EFF37923B7D9880031354F /* HeavenGateWindowCenter.cpp in Sources */,
				76E3E9BE247075860067DEBE /* StoryRow.cpp in Sources */,
				767052DF2423E16000E5C1CD /* HeavenGateWindowRoleDrawingTable.cpp in Sources */,
				7696957A24279476004FA4E2 /* StoryJsonExhibitNode.cpp in Sources */,
				4080A9B020B0347A0036BA46 /* imgui_impl_osx.mm in Sources */,
				76EFF38023B7D9880031354F /* HeavenGateEditorFontSizeTable.cpp in Sources */,
				766D007B2402EFFF002AD31F /* HeavenGateWindowPauseTable.cpp in Sources */,
				4080A9AE20B0343C0036BA46 /* imgui.cpp in Sources */,
				764C9BDD24558DB5000FC74E /* Example3ColorNodeEditor.cpp in Sources */,
				76A1EAD4242CEDAC00D49F19 /* HeavenGateEditorNodeGraphExample.cpp in Sources */,
				766D007F2402EFFF002AD31F /* HeavenGateWindowChapterTable.cpp in Sources */,
				7696956E24276D43004FA4E2 /* StoryJsonWordNode.cpp in Sources */,
				76EFF37C23B7D9880031354F /* StoryJsonContentCompiler.cpp in Sources */,
				76EFF38A23B7D9880031354F /* HeavenGateWindowTipTable.cpp in Sources */,
				07A82EDB213941D00078D120 /* imgui_widgets.cpp in Sources */,
			);
			runOnlyForDeploymentPostprocessing = 0;
		};
/* End PBXSourcesBuildPhase section */

/* Begin XCBuildConfiguration section */
		4080A97020B029B00036BA46 /* Debug */ = {
			isa = XCBuildConfiguration;
			buildSettings = {
				ALWAYS_SEARCH_USER_PATHS = NO;
				CLANG_ANALYZER_NONNULL = YES;
				CLANG_ANALYZER_NUMBER_OBJECT_CONVERSION = YES_AGGRESSIVE;
				CLANG_CXX_LANGUAGE_STANDARD = "gnu++14";
				CLANG_CXX_LIBRARY = "libc++";
				CLANG_ENABLE_MODULES = YES;
				CLANG_ENABLE_OBJC_ARC = YES;
				CLANG_ENABLE_OBJC_WEAK = YES;
				CLANG_WARN_BLOCK_CAPTURE_AUTORELEASING = YES;
				CLANG_WARN_BOOL_CONVERSION = YES;
				CLANG_WARN_COMMA = YES;
				CLANG_WARN_CONSTANT_CONVERSION = YES;
				CLANG_WARN_DEPRECATED_OBJC_IMPLEMENTATIONS = YES;
				CLANG_WARN_DIRECT_OBJC_ISA_USAGE = YES_ERROR;
				CLANG_WARN_DOCUMENTATION_COMMENTS = YES;
				CLANG_WARN_EMPTY_BODY = YES;
				CLANG_WARN_ENUM_CONVERSION = YES;
				CLANG_WARN_INFINITE_RECURSION = YES;
				CLANG_WARN_INT_CONVERSION = YES;
				CLANG_WARN_NON_LITERAL_NULL_CONVERSION = YES;
				CLANG_WARN_OBJC_IMPLICIT_RETAIN_SELF = YES;
				CLANG_WARN_OBJC_LITERAL_CONVERSION = YES;
				CLANG_WARN_OBJC_ROOT_CLASS = YES_ERROR;
				CLANG_WARN_RANGE_LOOP_ANALYSIS = YES;
				CLANG_WARN_STRICT_PROTOTYPES = YES;
				CLANG_WARN_SUSPICIOUS_MOVE = YES;
				CLANG_WARN_UNGUARDED_AVAILABILITY = YES_AGGRESSIVE;
				CLANG_WARN_UNREACHABLE_CODE = YES;
				CLANG_WARN__DUPLICATE_METHOD_MATCH = YES;
				CODE_SIGN_IDENTITY = "-";
				COPY_PHASE_STRIP = NO;
				DEBUG_INFORMATION_FORMAT = dwarf;
				ENABLE_STRICT_OBJC_MSGSEND = YES;
				ENABLE_TESTABILITY = YES;
				GCC_C_LANGUAGE_STANDARD = gnu11;
				GCC_DYNAMIC_NO_PIC = NO;
				GCC_NO_COMMON_BLOCKS = YES;
				GCC_OPTIMIZATION_LEVEL = 0;
				GCC_PREPROCESSOR_DEFINITIONS = (
					"DEBUG=1",
					"$(inherited)",
				);
				GCC_WARN_64_TO_32_BIT_CONVERSION = YES;
				GCC_WARN_ABOUT_RETURN_TYPE = YES_ERROR;
				GCC_WARN_UNDECLARED_SELECTOR = YES;
				GCC_WARN_UNINITIALIZED_AUTOS = YES_AGGRESSIVE;
				GCC_WARN_UNUSED_FUNCTION = YES;
				GCC_WARN_UNUSED_VARIABLE = YES;
				MACOSX_DEPLOYMENT_TARGET = 10.13;
				MTL_ENABLE_DEBUG_INFO = YES;
				ONLY_ACTIVE_ARCH = YES;
				SDKROOT = macosx;
			};
			name = Debug;
		};
		4080A97120B029B00036BA46 /* Release */ = {
			isa = XCBuildConfiguration;
			buildSettings = {
				ALWAYS_SEARCH_USER_PATHS = NO;
				CLANG_ANALYZER_NONNULL = YES;
				CLANG_ANALYZER_NUMBER_OBJECT_CONVERSION = YES_AGGRESSIVE;
				CLANG_CXX_LANGUAGE_STANDARD = "gnu++14";
				CLANG_CXX_LIBRARY = "libc++";
				CLANG_ENABLE_MODULES = YES;
				CLANG_ENABLE_OBJC_ARC = YES;
				CLANG_ENABLE_OBJC_WEAK = YES;
				CLANG_WARN_BLOCK_CAPTURE_AUTORELEASING = YES;
				CLANG_WARN_BOOL_CONVERSION = YES;
				CLANG_WARN_COMMA = YES;
				CLANG_WARN_CONSTANT_CONVERSION = YES;
				CLANG_WARN_DEPRECATED_OBJC_IMPLEMENTATIONS = YES;
				CLANG_WARN_DIRECT_OBJC_ISA_USAGE = YES_ERROR;
				CLANG_WARN_DOCUMENTATION_COMMENTS = YES;
				CLANG_WARN_EMPTY_BODY = YES;
				CLANG_WARN_ENUM_CONVERSION = YES;
				CLANG_WARN_INFINITE_RECURSION = YES;
				CLANG_WARN_INT_CONVERSION = YES;
				CLANG_WARN_NON_LITERAL_NULL_CONVERSION = YES;
				CLANG_WARN_OBJC_IMPLICIT_RETAIN_SELF = YES;
				CLANG_WARN_OBJC_LITERAL_CONVERSION = YES;
				CLANG_WARN_OBJC_ROOT_CLASS = YES_ERROR;
				CLANG_WARN_RANGE_LOOP_ANALYSIS = YES;
				CLANG_WARN_STRICT_PROTOTYPES = YES;
				CLANG_WARN_SUSPICIOUS_MOVE = YES;
				CLANG_WARN_UNGUARDED_AVAILABILITY = YES_AGGRESSIVE;
				CLANG_WARN_UNREACHABLE_CODE = YES;
				CLANG_WARN__DUPLICATE_METHOD_MATCH = YES;
				CODE_SIGN_IDENTITY = "-";
				COPY_PHASE_STRIP = NO;
				DEBUG_INFORMATION_FORMAT = "dwarf-with-dsym";
				ENABLE_NS_ASSERTIONS = NO;
				ENABLE_STRICT_OBJC_MSGSEND = YES;
				GCC_C_LANGUAGE_STANDARD = gnu11;
				GCC_NO_COMMON_BLOCKS = YES;
				GCC_WARN_64_TO_32_BIT_CONVERSION = YES;
				GCC_WARN_ABOUT_RETURN_TYPE = YES_ERROR;
				GCC_WARN_UNDECLARED_SELECTOR = YES;
				GCC_WARN_UNINITIALIZED_AUTOS = YES_AGGRESSIVE;
				GCC_WARN_UNUSED_FUNCTION = YES;
				GCC_WARN_UNUSED_VARIABLE = YES;
				MACOSX_DEPLOYMENT_TARGET = 10.13;
				MTL_ENABLE_DEBUG_INFO = NO;
				SDKROOT = macosx;
			};
			name = Release;
		};
		4080A97320B029B00036BA46 /* Debug */ = {
			isa = XCBuildConfiguration;
			buildSettings = {
				CODE_SIGN_STYLE = Automatic;
				HEADER_SEARCH_PATHS = ../../..;
				MACOSX_DEPLOYMENT_TARGET = 10.12;
				PRODUCT_NAME = "$(TARGET_NAME)";
				STRINGS_FILE_OUTPUT_ENCODING = "UTF-8";
				SYSTEM_HEADER_SEARCH_PATHS = ../libs/gl3w;
				USER_HEADER_SEARCH_PATHS = "$(PROJECT_DIR)/../../HeavenGate_Editor $(PROJECT_DIR)/../../Dirent $(PROJECT_DIR)/../../nlohmann $(PROJECT_DIR)/../../imnodes $(PROJECT_DIR)/../../";
			};
			name = Debug;
		};
		4080A97420B029B00036BA46 /* Release */ = {
			isa = XCBuildConfiguration;
			buildSettings = {
				CODE_SIGN_STYLE = Automatic;
				HEADER_SEARCH_PATHS = ../../..;
				MACOSX_DEPLOYMENT_TARGET = 10.12;
				PRODUCT_NAME = "$(TARGET_NAME)";
				STRINGS_FILE_OUTPUT_ENCODING = "UTF-8";
				SYSTEM_HEADER_SEARCH_PATHS = ../libs/gl3w;
				USER_HEADER_SEARCH_PATHS = "$(PROJECT_DIR)/../../HeavenGate_Editor $(PROJECT_DIR)/../../Dirent $(PROJECT_DIR)/../../nlohmann $(PROJECT_DIR)/../../imnodes $(PROJECT_DIR)/../../";
			};
			name = Release;
		};
/* End XCBuildConfiguration section */

/* Begin XCConfigurationList section */
		4080A96620B029B00036BA46 /* Build configuration list for PBXProject "example_apple_opengl2" */ = {
			isa = XCConfigurationList;
			buildConfigurations = (
				4080A97020B029B00036BA46 /* Debug */,
				4080A97120B029B00036BA46 /* Release */,
			);
			defaultConfigurationIsVisible = 0;
			defaultConfigurationName = Release;
		};
		4080A97220B029B00036BA46 /* Build configuration list for PBXNativeTarget "example_osx_opengl2" */ = {
			isa = XCConfigurationList;
			buildConfigurations = (
				4080A97320B029B00036BA46 /* Debug */,
				4080A97420B029B00036BA46 /* Release */,
			);
			defaultConfigurationIsVisible = 0;
			defaultConfigurationName = Release;
		};
/* End XCConfigurationList section */
	};
	rootObject = 4080A96320B029B00036BA46 /* Project object */;
}
