﻿
Microsoft Visual Studio Solution File, Format Version 12.00
# Visual Studio 15
Project("{FAE04EC0-301F-11D3-BF4B-00C04F79EFBC}") = "Assembly-CSharp", "Assembly-CSharp.csproj", "{852EA133-8FD9-18C0-BEAB-9B3F883E86AB}"
EndProject
Project("{FAE04EC0-301F-11D3-BF4B-00C04F79EFBC}") = "Assembly-CSharp-firstpass", "Assembly-CSharp-firstpass.csproj", "{DF89FAC6-8DD8-CFC7-29AB-596C2D456B99}"
EndProject
Project("{FAE04EC0-301F-11D3-BF4B-00C04F79EFBC}") = "AssetBundleManager", "AssetBundleManager.csproj", "{EC2ECB5C-3706-EF73-9FD6-79D0EAE90C9E}"
EndProject
Project("{FAE04EC0-301F-11D3-BF4B-00C04F79EFBC}") = "Assembly-CSharp-Editor", "Assembly-CSharp-Editor.csproj", "{A302C69F-822F-7A0A-10B7-7564E9F18651}"
EndProject
Global
	GlobalSection(SolutionConfigurationPlatforms) = preSolution
		Debug|Any CPU = Debug|Any CPU
		Release|Any CPU = Release|Any CPU
	EndGlobalSection
	GlobalSection(ProjectConfigurationPlatforms) = postSolution
		{852EA133-8FD9-18C0-BEAB-9B3F883E86AB}.Debug|Any CPU.ActiveCfg = Debug|Any CPU
		{852EA133-8FD9-18C0-BEAB-9B3F883E86AB}.Debug|Any CPU.Build.0 = Debug|Any CPU
		{852EA133-8FD9-18C0-BEAB-9B3F883E86AB}.Release|Any CPU.ActiveCfg = Release|Any CPU
		{852EA133-8FD9-18C0-BEAB-9B3F883E86AB}.Release|Any CPU.Build.0 = Release|Any CPU
		{DF89FAC6-8DD8-CFC7-29AB-596C2D456B99}.Debug|Any CPU.ActiveCfg = Debug|Any CPU
		{DF89FAC6-8DD8-CFC7-29AB-596C2D456B99}.Debug|Any CPU.Build.0 = Debug|Any CPU
		{DF89FAC6-8DD8-CFC7-29AB-596C2D456B99}.Release|Any CPU.ActiveCfg = Release|Any CPU
		{DF89FAC6-8DD8-CFC7-29AB-596C2D456B99}.Release|Any CPU.Build.0 = Release|Any CPU
		{EC2ECB5C-3706-EF73-9FD6-79D0EAE90C9E}.Debug|Any CPU.ActiveCfg = Debug|Any CPU
		{EC2ECB5C-3706-EF73-9FD6-79D0EAE90C9E}.Debug|Any CPU.Build.0 = Debug|Any CPU
		{EC2ECB5C-3706-EF73-9FD6-79D0EAE90C9E}.Release|Any CPU.ActiveCfg = Release|Any CPU
		{EC2ECB5C-3706-EF73-9FD6-79D0EAE90C9E}.Release|Any CPU.Build.0 = Release|Any CPU
		{A302C69F-822F-7A0A-10B7-7564E9F18651}.Debug|Any CPU.ActiveCfg = Debug|Any CPU
		{A302C69F-822F-7A0A-10B7-7564E9F18651}.Debug|Any CPU.Build.0 = Debug|Any CPU
		{A302C69F-822F-7A0A-10B7-7564E9F18651}.Release|Any CPU.ActiveCfg = Release|Any CPU
		{A302C69F-822F-7A0A-10B7-7564E9F18651}.Release|Any CPU.Build.0 = Release|Any CPU
	EndGlobalSection
	GlobalSection(SolutionProperties) = preSolution
		HideSolutionNode = FALSE
	EndGlobalSection
EndGlobal
