<?xml version="1.0" encoding="utf-8"?>
<Project ToolsVersion="4.0" xmlns="http://schemas.microsoft.com/developer/msbuild/2003">
  <ItemGroup>
    <Filter Include="imgui">
      <UniqueIdentifier>{0587d7a3-f2ce-4d56-b84f-a0005d3bfce6}</UniqueIdentifier>
    </Filter>
    <Filter Include="sources">
      <UniqueIdentifier>{08e36723-ce4f-4cff-9662-c40801cf1acf}</UniqueIdentifier>
    </Filter>
  </ItemGroup>
  <ItemGroup>
    <ClInclude Include="..\..\imconfig.h">
      <Filter>imgui</Filter>
    </ClInclude>
    <ClInclude Include="..\..\imgui.h">
      <Filter>imgui</Filter>
    </ClInclude>
    <ClInclude Include="..\..\imgui_internal.h">
      <Filter>imgui</Filter>
    </ClInclude>
    <ClInclude Include="..\imgui_impl_win32.h">
      <Filter>sources</Filter>
    </ClInclude>
    <ClInclude Include="..\imgui_impl_dx11.h">
      <Filter>sources</Filter>
    </ClInclude>
    <ClInclude Include="..\..\Dirent\dirent.h" />
    <ClInclude Include="..\..\HeavenGate_Editor\CharacterUtility.h" />
    <ClInclude Include="..\..\nlohmann\json.hpp" />
    <ClInclude Include="..\..\HeavenGate_Editor\StoryJson.h" />
    <ClInclude Include="resource.h" />
    <ClInclude Include="..\..\HeavenGate_Editor\HeavenGateWindowSelectStory.h" />
    <ClInclude Include="..\..\HeavenGate_Editor\HeavenGateEditorConstant.h" />
    <ClInclude Include="..\..\HeavenGate_Editor\HeavenGateEditorUtility.h" />
    <ClInclude Include="..\..\HeavenGate_Editor\HeavenGateEditorFontSizeTable.h" />
    <ClInclude Include="..\..\HeavenGate_Editor\StoryTable.h" />
    <ClInclude Include="..\..\HeavenGate_Editor\HeavenGateEditorBaseWindow.h" />
    <ClInclude Include="..\..\HeavenGate_Editor\StoryFileManager.h" />
    <ClInclude Include="..\..\HeavenGate_Editor\HeavenGatePopupInputFileName.h" />
    <ClInclude Include="..\..\HeavenGate_Editor\HeavenGatePopupResolveConflictFiles.h" />
    <ClInclude Include="..\..\HeavenGate_Editor\HeavenGateWindowColorTable.h" />
    <ClInclude Include="..\..\HeavenGate_Editor\HeavenGateWindowTipTable.h" />
    <ClInclude Include="..\..\HeavenGate_Editor\HeavenGateWindowStoryEditor.h" />
    <ClInclude Include="..\..\HeavenGate_Editor\HeavenGateWindowCenter.h" />
    <ClInclude Include="..\..\HeavenGate_Editor\StorySingleton.h" />
    <ClInclude Include="..\..\HeavenGate_Editor\StoryJsonManager.h" />
    <ClInclude Include="..\..\HeavenGate_Editor\StoryTableManager.h" />
    <ClInclude Include="..\..\HeavenGate_Editor\StoryJsonContentCompiler.h" />
  </ItemGroup>
  <ItemGroup>
    <ClCompile Include="..\..\imgui.cpp">
      <Filter>imgui</Filter>
    </ClCompile>
    <ClCompile Include="main.cpp">
      <Filter>sources</Filter>
    </ClCompile>
    <ClCompile Include="..\..\imgui_demo.cpp">
      <Filter>imgui</Filter>
    </ClCompile>
    <ClCompile Include="..\..\imgui_draw.cpp">
      <Filter>imgui</Filter>
    </ClCompile>
    <ClCompile Include="..\imgui_impl_win32.cpp">
      <Filter>sources</Filter>
    </ClCompile>
    <ClCompile Include="..\imgui_impl_dx11.cpp">
      <Filter>sources</Filter>
    </ClCompile>
    <ClCompile Include="..\..\imgui_widgets.cpp">
      <Filter>imgui</Filter>
    </ClCompile>
    <ClCompile Include="..\..\HeavenGate_Editor\CharacterUtility.cpp" />
    <ClCompile Include="..\..\HeavenGate_Editor\StoryJson.cpp" />
    <ClCompile Include="..\..\HeavenGate_Editor\HeavenGateWindowSelectStory.cpp" />
    <ClCompile Include="..\..\HeavenGate_Editor\HeavenGateEditorUtility.cpp" />
    <ClCompile Include="..\..\HeavenGate_Editor\HeavenGateEditorFontSizeTable.cpp" />
    <ClCompile Include="..\..\HeavenGate_Editor\StoryTable.cpp" />
    <ClCompile Include="..\..\HeavenGate_Editor\HeavenGateEditorBaseWindow.cpp" />
    <ClCompile Include="..\..\HeavenGate_Editor\StoryFileManager.cpp" />
    <ClCompile Include="..\..\HeavenGate_Editor\HeavenGatePopupInputFileName.cpp" />
    <ClCompile Include="..\..\HeavenGate_Editor\HeavenGatePopupResolveConflictFiles.cpp" />
    <ClCompile Include="..\..\HeavenGate_Editor\HeavenGateWindowColorTable.cpp" />
    <ClCompile Include="..\..\HeavenGate_Editor\HeavenGateWindowTipTable.cpp" />
    <ClCompile Include="..\..\HeavenGate_Editor\HeavenGateWindowStoryEditor.cpp" />
    <ClCompile Include="..\..\HeavenGate_Editor\HeavenGateWindowCenter.cpp" />
    <ClCompile Include="..\..\HeavenGate_Editor\StoryJsonManager.cpp" />
    <ClCompile Include="..\..\HeavenGate_Editor\StoryTableManager.cpp" />
    <ClCompile Include="..\..\HeavenGate_Editor\StoryJsonContentCompiler.cpp" />
  </ItemGroup>
  <ItemGroup>
    <None Include="..\README.txt" />
    <None Include="..\..\misc\natvis\imgui.natvis">
      <Filter>sources</Filter>
    </None>
    <None Include="example_win32_directx11.licenseheader" />
    <None Include="cpp.hint" />
  </ItemGroup>
  <ItemGroup>
    <ResourceCompile Include="example_win32_directx11.rc" />
  </ItemGroup>
</Project>